// !$*UTF8*$!
{
	archiveVersion = 1;
	classes = {
	};
	objectVersion = 46;
	objects = {

/* Begin PBXBuildFile section */
		B01C67551E62B66C0026DC81 /* main.m in Sources */ = {isa = PBXBuildFile; fileRef = B01C67541E62B66C0026DC81 /* main.m */; };
		B01C67581E62B66C0026DC81 /* AppDelegate.m in Sources */ = {isa = PBXBuildFile; fileRef = B01C67571E62B66C0026DC81 /* AppDelegate.m */; };
		B01C675B1E62B66C0026DC81 /* ViewController.m in Sources */ = {isa = PBXBuildFile; fileRef = B01C675A1E62B66C0026DC81 /* ViewController.m */; };
		B01C675E1E62B66C0026DC81 /* Main.storyboard in Resources */ = {isa = PBXBuildFile; fileRef = B01C675C1E62B66C0026DC81 /* Main.storyboard */; };
		B01C67601E62B66C0026DC81 /* Assets.xcassets in Resources */ = {isa = PBXBuildFile; fileRef = B01C675F1E62B66C0026DC81 /* Assets.xcassets */; };
		B01C67631E62B66C0026DC81 /* LaunchScreen.storyboard in Resources */ = {isa = PBXBuildFile; fileRef = B01C67611E62B66C0026DC81 /* LaunchScreen.storyboard */; };
		B01C676C1E62BD9E0026DC81 /* udp_dev.c in Sources */ = {isa = PBXBuildFile; fileRef = B01C676A1E62BD9E0026DC81 /* udp_dev.c */; };
		B01C67771E632F3D0026DC81 /* network_utils.c in Sources */ = {isa = PBXBuildFile; fileRef = B01C67731E632F3D0026DC81 /* network_utils.c */; };
		B01C67781E632F3D0026DC81 /* udp_client.c in Sources */ = {isa = PBXBuildFile; fileRef = B01C67751E632F3D0026DC81 /* udp_client.c */; };
		B04A23ED1E86F4AF005BC3EF /* WESKeyChain.m in Sources */ = {isa = PBXBuildFile; fileRef = B04A23EC1E86F4AF005BC3EF /* WESKeyChain.m */; };
		B04A23F01E86FFAB005BC3EF /* crypto_wrapper.c in Sources */ = {isa = PBXBuildFile; fileRef = B04A23EE1E86FFAB005BC3EF /* crypto_wrapper.c */; };
		B04A23F31E8705FD005BC3EF /* openssl.framework in Frameworks */ = {isa = PBXBuildFile; fileRef = B04A23F21E8705FD005BC3EF /* openssl.framework */; };
		B06745B11E94851D00D44D45 /* SearchUsersViewController.m in Sources */ = {isa = PBXBuildFile; fileRef = B06745B01E94851D00D44D45 /* SearchUsersViewController.m */; };
		B06745B41E99942E00D44D45 /* SearchUsersDetailViewController.m in Sources */ = {isa = PBXBuildFile; fileRef = B06745B31E99942E00D44D45 /* SearchUsersDetailViewController.m */; };
		B06745B71E99C6E600D44D45 /* NewContractRequestsViewController.m in Sources */ = {isa = PBXBuildFile; fileRef = B06745B61E99C6E600D44D45 /* NewContractRequestsViewController.m */; };
		B06745BA1E99E96600D44D45 /* NewContactRequestDetailViewController.m in Sources */ = {isa = PBXBuildFile; fileRef = B06745B91E99E96600D44D45 /* NewContactRequestDetailViewController.m */; };
		B06745E31E9C621800D44D45 /* AudioToolbox.framework in Frameworks */ = {isa = PBXBuildFile; fileRef = B06745E21E9C621800D44D45 /* AudioToolbox.framework */; };
		B07B37BC1E8EDE9100C28664 /* LoginViewController.m in Sources */ = {isa = PBXBuildFile; fileRef = B07B37BB1E8EDE9100C28664 /* LoginViewController.m */; };
		B07B37BF1E8EE29400C28664 /* AuthN.m in Sources */ = {isa = PBXBuildFile; fileRef = B07B37BE1E8EE29400C28664 /* AuthN.m */; };
		B07B37C51E8F03A000C28664 /* UdpClientCallbacks.m in Sources */ = {isa = PBXBuildFile; fileRef = B07B37C41E8F03A000C28664 /* UdpClientCallbacks.m */; };
		B07B37C81E90E1AE00C28664 /* CreateAccountViewController.m in Sources */ = {isa = PBXBuildFile; fileRef = B07B37C71E90E1AE00C28664 /* CreateAccountViewController.m */; };
		B07B37CE1E91BD0500C28664 /* Shared.m in Sources */ = {isa = PBXBuildFile; fileRef = B07B37CD1E91BD0500C28664 /* Shared.m */; };
		B091E50B1E690CB90009F3CD /* node.c in Sources */ = {isa = PBXBuildFile; fileRef = B091E5091E690CB90009F3CD /* node.c */; };
		B091E50E1E6E728C0009F3CD /* common.c in Sources */ = {isa = PBXBuildFile; fileRef = B091E50D1E6E728C0009F3CD /* common.c */; };
		B0B64EA41E78E9F300C6C807 /* hashtable.c in Sources */ = {isa = PBXBuildFile; fileRef = B0B64EA21E78E9F300C6C807 /* hashtable.c */; };
		B0B64EA71E7B750000C6C807 /* ObjcContact.m in Sources */ = {isa = PBXBuildFile; fileRef = B0B64EA61E7B750000C6C807 /* ObjcContact.m */; };
		B0B64EAA1E7C2B5500C6C807 /* ListContactsViewController.m in Sources */ = {isa = PBXBuildFile; fileRef = B0B64EA91E7C2B5500C6C807 /* ListContactsViewController.m */; };
		B0B64EAE1E7C384C00C6C807 /* ContactViewController.m in Sources */ = {isa = PBXBuildFile; fileRef = B0B64EAC1E7C384C00C6C807 /* ContactViewController.m */; };
/* End PBXBuildFile section */

/* Begin PBXFileReference section */
		B01C67501E62B66C0026DC81 /* udp-hp-ios.app */ = {isa = PBXFileReference; explicitFileType = wrapper.application; includeInIndex = 0; path = "udp-hp-ios.app"; sourceTree = BUILT_PRODUCTS_DIR; };
		B01C67541E62B66C0026DC81 /* main.m */ = {isa = PBXFileReference; lastKnownFileType = sourcecode.c.objc; path = main.m; sourceTree = "<group>"; };
		B01C67561E62B66C0026DC81 /* AppDelegate.h */ = {isa = PBXFileReference; lastKnownFileType = sourcecode.c.h; path = AppDelegate.h; sourceTree = "<group>"; };
		B01C67571E62B66C0026DC81 /* AppDelegate.m */ = {isa = PBXFileReference; lastKnownFileType = sourcecode.c.objc; path = AppDelegate.m; sourceTree = "<group>"; };
		B01C67591E62B66C0026DC81 /* ViewController.h */ = {isa = PBXFileReference; lastKnownFileType = sourcecode.c.h; path = ViewController.h; sourceTree = "<group>"; };
		B01C675A1E62B66C0026DC81 /* ViewController.m */ = {isa = PBXFileReference; lastKnownFileType = sourcecode.c.objc; path = ViewController.m; sourceTree = "<group>"; };
		B01C675D1E62B66C0026DC81 /* Base */ = {isa = PBXFileReference; lastKnownFileType = file.storyboard; name = Base; path = Base.lproj/Main.storyboard; sourceTree = "<group>"; };
		B01C675F1E62B66C0026DC81 /* Assets.xcassets */ = {isa = PBXFileReference; lastKnownFileType = folder.assetcatalog; path = Assets.xcassets; sourceTree = "<group>"; };
		B01C67621E62B66C0026DC81 /* Base */ = {isa = PBXFileReference; lastKnownFileType = file.storyboard; name = Base; path = Base.lproj/LaunchScreen.storyboard; sourceTree = "<group>"; };
		B01C67641E62B66C0026DC81 /* Info.plist */ = {isa = PBXFileReference; lastKnownFileType = text.plist.xml; path = Info.plist; sourceTree = "<group>"; };
		B01C676A1E62BD9E0026DC81 /* udp_dev.c */ = {isa = PBXFileReference; fileEncoding = 4; lastKnownFileType = sourcecode.c.c; path = udp_dev.c; sourceTree = "<group>"; };
		B01C676B1E62BD9E0026DC81 /* udp_dev.h */ = {isa = PBXFileReference; fileEncoding = 4; lastKnownFileType = sourcecode.c.h; path = udp_dev.h; sourceTree = "<group>"; };
		B01C67731E632F3D0026DC81 /* network_utils.c */ = {isa = PBXFileReference; fileEncoding = 4; lastKnownFileType = sourcecode.c.c; name = network_utils.c; path = ../../network/network_utils.c; sourceTree = "<group>"; };
		B01C67741E632F3D0026DC81 /* network_utils.h */ = {isa = PBXFileReference; fileEncoding = 4; lastKnownFileType = sourcecode.c.h; name = network_utils.h; path = ../../network/network_utils.h; sourceTree = "<group>"; };
		B01C67751E632F3D0026DC81 /* udp_client.c */ = {isa = PBXFileReference; fileEncoding = 4; lastKnownFileType = sourcecode.c.c; name = udp_client.c; path = "../../udp-hp/udp_client.c"; sourceTree = "<group>"; };
		B01C67761E632F3D0026DC81 /* udp_client.h */ = {isa = PBXFileReference; fileEncoding = 4; lastKnownFileType = sourcecode.c.h; name = udp_client.h; path = "../../udp-hp/udp_client.h"; sourceTree = "<group>"; };
		B04A23EB1E86F4AF005BC3EF /* WESKeyChain.h */ = {isa = PBXFileReference; fileEncoding = 4; lastKnownFileType = sourcecode.c.h; path = WESKeyChain.h; sourceTree = "<group>"; };
		B04A23EC1E86F4AF005BC3EF /* WESKeyChain.m */ = {isa = PBXFileReference; fileEncoding = 4; lastKnownFileType = sourcecode.c.objc; path = WESKeyChain.m; sourceTree = "<group>"; };
		B04A23EE1E86FFAB005BC3EF /* crypto_wrapper.c */ = {isa = PBXFileReference; fileEncoding = 4; lastKnownFileType = sourcecode.c.c; name = crypto_wrapper.c; path = ../../crypto_wrapper/crypto_wrapper.c; sourceTree = "<group>"; };
		B04A23EF1E86FFAB005BC3EF /* crypto_wrapper.h */ = {isa = PBXFileReference; fileEncoding = 4; lastKnownFileType = sourcecode.c.h; name = crypto_wrapper.h; path = ../../crypto_wrapper/crypto_wrapper.h; sourceTree = "<group>"; };
		B04A23F21E8705FD005BC3EF /* openssl.framework */ = {isa = PBXFileReference; lastKnownFileType = wrapper.framework; name = openssl.framework; path = "../../OpenSSL-for-iPhone/openssl.framework"; sourceTree = "<group>"; };
		B06745AF1E94851D00D44D45 /* SearchUsersViewController.h */ = {isa = PBXFileReference; fileEncoding = 4; lastKnownFileType = sourcecode.c.h; path = SearchUsersViewController.h; sourceTree = "<group>"; };
		B06745B01E94851D00D44D45 /* SearchUsersViewController.m */ = {isa = PBXFileReference; fileEncoding = 4; lastKnownFileType = sourcecode.c.objc; path = SearchUsersViewController.m; sourceTree = "<group>"; };
		B06745B21E99942E00D44D45 /* SearchUsersDetailViewController.h */ = {isa = PBXFileReference; fileEncoding = 4; lastKnownFileType = sourcecode.c.h; path = SearchUsersDetailViewController.h; sourceTree = "<group>"; };
		B06745B31E99942E00D44D45 /* SearchUsersDetailViewController.m */ = {isa = PBXFileReference; fileEncoding = 4; lastKnownFileType = sourcecode.c.objc; path = SearchUsersDetailViewController.m; sourceTree = "<group>"; };
		B06745B51E99C6E600D44D45 /* NewContractRequestsViewController.h */ = {isa = PBXFileReference; fileEncoding = 4; lastKnownFileType = sourcecode.c.h; path = NewContractRequestsViewController.h; sourceTree = "<group>"; };
		B06745B61E99C6E600D44D45 /* NewContractRequestsViewController.m */ = {isa = PBXFileReference; fileEncoding = 4; lastKnownFileType = sourcecode.c.objc; path = NewContractRequestsViewController.m; sourceTree = "<group>"; };
		B06745B81E99E96600D44D45 /* NewContactRequestDetailViewController.h */ = {isa = PBXFileReference; fileEncoding = 4; lastKnownFileType = sourcecode.c.h; path = NewContactRequestDetailViewController.h; sourceTree = "<group>"; };
		B06745B91E99E96600D44D45 /* NewContactRequestDetailViewController.m */ = {isa = PBXFileReference; fileEncoding = 4; lastKnownFileType = sourcecode.c.objc; path = NewContactRequestDetailViewController.m; sourceTree = "<group>"; };
		B06745E21E9C621800D44D45 /* AudioToolbox.framework */ = {isa = PBXFileReference; lastKnownFileType = wrapper.framework; name = AudioToolbox.framework; path = System/Library/Frameworks/AudioToolbox.framework; sourceTree = SDKROOT; };
		B07B37BA1E8EDE9100C28664 /* LoginViewController.h */ = {isa = PBXFileReference; fileEncoding = 4; lastKnownFileType = sourcecode.c.h; path = LoginViewController.h; sourceTree = "<group>"; };
		B07B37BB1E8EDE9100C28664 /* LoginViewController.m */ = {isa = PBXFileReference; fileEncoding = 4; lastKnownFileType = sourcecode.c.objc; path = LoginViewController.m; sourceTree = "<group>"; };
		B07B37BD1E8EE29400C28664 /* AuthN.h */ = {isa = PBXFileReference; fileEncoding = 4; lastKnownFileType = sourcecode.c.h; path = AuthN.h; sourceTree = "<group>"; };
		B07B37BE1E8EE29400C28664 /* AuthN.m */ = {isa = PBXFileReference; fileEncoding = 4; lastKnownFileType = sourcecode.c.objc; path = AuthN.m; sourceTree = "<group>"; };
		B07B37C31E8F03A000C28664 /* UdpClientCallbacks.h */ = {isa = PBXFileReference; fileEncoding = 4; lastKnownFileType = sourcecode.c.h; path = UdpClientCallbacks.h; sourceTree = "<group>"; };
		B07B37C41E8F03A000C28664 /* UdpClientCallbacks.m */ = {isa = PBXFileReference; fileEncoding = 4; lastKnownFileType = sourcecode.c.objc; path = UdpClientCallbacks.m; sourceTree = "<group>"; };
		B07B37C61E90E1AE00C28664 /* CreateAccountViewController.h */ = {isa = PBXFileReference; fileEncoding = 4; lastKnownFileType = sourcecode.c.h; path = CreateAccountViewController.h; sourceTree = "<group>"; };
		B07B37C71E90E1AE00C28664 /* CreateAccountViewController.m */ = {isa = PBXFileReference; fileEncoding = 4; lastKnownFileType = sourcecode.c.objc; path = CreateAccountViewController.m; sourceTree = "<group>"; };
		B07B37CC1E91BD0500C28664 /* Shared.h */ = {isa = PBXFileReference; fileEncoding = 4; lastKnownFileType = sourcecode.c.h; path = Shared.h; sourceTree = "<group>"; };
		B07B37CD1E91BD0500C28664 /* Shared.m */ = {isa = PBXFileReference; fileEncoding = 4; lastKnownFileType = sourcecode.c.objc; path = Shared.m; sourceTree = "<group>"; };
		B091E5091E690CB90009F3CD /* node.c */ = {isa = PBXFileReference; fileEncoding = 4; lastKnownFileType = sourcecode.c.c; name = node.c; path = "../../udp-hp/common/node.c"; sourceTree = "<group>"; };
		B091E50A1E690CB90009F3CD /* node.h */ = {isa = PBXFileReference; fileEncoding = 4; lastKnownFileType = sourcecode.c.h; name = node.h; path = "../../udp-hp/common/node.h"; sourceTree = "<group>"; };
		B091E50C1E6BA5740009F3CD /* common.h */ = {isa = PBXFileReference; fileEncoding = 4; lastKnownFileType = sourcecode.c.h; name = common.h; path = "../../udp-hp/common/common.h"; sourceTree = "<group>"; };
		B091E50D1E6E728C0009F3CD /* common.c */ = {isa = PBXFileReference; fileEncoding = 4; lastKnownFileType = sourcecode.c.c; name = common.c; path = "../../udp-hp/common/common.c"; sourceTree = "<group>"; };
		B0B64EA21E78E9F300C6C807 /* hashtable.c */ = {isa = PBXFileReference; fileEncoding = 4; lastKnownFileType = sourcecode.c.c; name = hashtable.c; path = "../../udp-hp/common/hashtable.c"; sourceTree = "<group>"; };
		B0B64EA31E78E9F300C6C807 /* hashtable.h */ = {isa = PBXFileReference; fileEncoding = 4; lastKnownFileType = sourcecode.c.h; name = hashtable.h; path = "../../udp-hp/common/hashtable.h"; sourceTree = "<group>"; };
		B0B64EA51E7B750000C6C807 /* ObjcContact.h */ = {isa = PBXFileReference; fileEncoding = 4; lastKnownFileType = sourcecode.c.h; path = ObjcContact.h; sourceTree = "<group>"; };
		B0B64EA61E7B750000C6C807 /* ObjcContact.m */ = {isa = PBXFileReference; fileEncoding = 4; lastKnownFileType = sourcecode.c.objc; path = ObjcContact.m; sourceTree = "<group>"; };
		B0B64EA81E7C2B5500C6C807 /* ListContactsViewController.h */ = {isa = PBXFileReference; fileEncoding = 4; lastKnownFileType = sourcecode.c.h; name = ListContactsViewController.h; path = ../ListContactsViewController.h; sourceTree = "<group>"; };
		B0B64EA91E7C2B5500C6C807 /* ListContactsViewController.m */ = {isa = PBXFileReference; fileEncoding = 4; lastKnownFileType = sourcecode.c.objc; name = ListContactsViewController.m; path = ../ListContactsViewController.m; sourceTree = "<group>"; };
		B0B64EAB1E7C384C00C6C807 /* ContactViewController.h */ = {isa = PBXFileReference; fileEncoding = 4; lastKnownFileType = sourcecode.c.h; path = ContactViewController.h; sourceTree = "<group>"; };
		B0B64EAC1E7C384C00C6C807 /* ContactViewController.m */ = {isa = PBXFileReference; fileEncoding = 4; lastKnownFileType = sourcecode.c.objc; path = ContactViewController.m; sourceTree = "<group>"; };
/* End PBXFileReference section */

/* Begin PBXFrameworksBuildPhase section */
		B01C674D1E62B66C0026DC81 /* Frameworks */ = {
			isa = PBXFrameworksBuildPhase;
			buildActionMask = 2147483647;
			files = (
				B06745E31E9C621800D44D45 /* AudioToolbox.framework in Frameworks */,
				B04A23F31E8705FD005BC3EF /* openssl.framework in Frameworks */,
			);
			runOnlyForDeploymentPostprocessing = 0;
		};
/* End PBXFrameworksBuildPhase section */

/* Begin PBXGroup section */
		B01C67471E62B66B0026DC81 = {
			isa = PBXGroup;
			children = (
				B01C67521E62B66C0026DC81 /* udp-hp-ios */,
				B04A23F11E8705CF005BC3EF /* Dependencies */,
				B01C67511E62B66C0026DC81 /* Products */,
				B06745E11E9C621800D44D45 /* Frameworks */,
			);
			sourceTree = "<group>";
		};
		B01C67511E62B66C0026DC81 /* Products */ = {
			isa = PBXGroup;
			children = (
				B01C67501E62B66C0026DC81 /* udp-hp-ios.app */,
			);
			name = Products;
			sourceTree = "<group>";
		};
		B01C67521E62B66C0026DC81 /* udp-hp-ios */ = {
			isa = PBXGroup;
			children = (
				B01C67561E62B66C0026DC81 /* AppDelegate.h */,
				B01C67571E62B66C0026DC81 /* AppDelegate.m */,
				B07B37BD1E8EE29400C28664 /* AuthN.h */,
				B07B37BE1E8EE29400C28664 /* AuthN.m */,
				B01C67591E62B66C0026DC81 /* ViewController.h */,
				B01C675A1E62B66C0026DC81 /* ViewController.m */,
				B07B37C31E8F03A000C28664 /* UdpClientCallbacks.h */,
				B07B37C41E8F03A000C28664 /* UdpClientCallbacks.m */,
				B0B64EA81E7C2B5500C6C807 /* ListContactsViewController.h */,
				B0B64EA91E7C2B5500C6C807 /* ListContactsViewController.m */,
				B07B37BA1E8EDE9100C28664 /* LoginViewController.h */,
				B07B37BB1E8EDE9100C28664 /* LoginViewController.m */,
				B07B37C61E90E1AE00C28664 /* CreateAccountViewController.h */,
				B07B37C71E90E1AE00C28664 /* CreateAccountViewController.m */,
				B0B64EAB1E7C384C00C6C807 /* ContactViewController.h */,
				B0B64EAC1E7C384C00C6C807 /* ContactViewController.m */,
				B06745AF1E94851D00D44D45 /* SearchUsersViewController.h */,
				B06745B01E94851D00D44D45 /* SearchUsersViewController.m */,
				B06745B21E99942E00D44D45 /* SearchUsersDetailViewController.h */,
				B06745B31E99942E00D44D45 /* SearchUsersDetailViewController.m */,
				B06745B51E99C6E600D44D45 /* NewContractRequestsViewController.h */,
				B06745B61E99C6E600D44D45 /* NewContractRequestsViewController.m */,
				B06745B81E99E96600D44D45 /* NewContactRequestDetailViewController.h */,
				B06745B91E99E96600D44D45 /* NewContactRequestDetailViewController.m */,
				B0B64EA51E7B750000C6C807 /* ObjcContact.h */,
				B0B64EA61E7B750000C6C807 /* ObjcContact.m */,
				B04A23EB1E86F4AF005BC3EF /* WESKeyChain.h */,
				B04A23EC1E86F4AF005BC3EF /* WESKeyChain.m */,
				B01C675C1E62B66C0026DC81 /* Main.storyboard */,
				B07B37CC1E91BD0500C28664 /* Shared.h */,
				B07B37CD1E91BD0500C28664 /* Shared.m */,
				B01C675F1E62B66C0026DC81 /* Assets.xcassets */,
				B01C67611E62B66C0026DC81 /* LaunchScreen.storyboard */,
				B01C67641E62B66C0026DC81 /* Info.plist */,
				B01C67731E632F3D0026DC81 /* network_utils.c */,
				B01C67741E632F3D0026DC81 /* network_utils.h */,
				B04A23EE1E86FFAB005BC3EF /* crypto_wrapper.c */,
				B04A23EF1E86FFAB005BC3EF /* crypto_wrapper.h */,
				B01C67751E632F3D0026DC81 /* udp_client.c */,
				B01C67761E632F3D0026DC81 /* udp_client.h */,
				B091E50C1E6BA5740009F3CD /* common.h */,
				B091E50D1E6E728C0009F3CD /* common.c */,
				B0B64EA21E78E9F300C6C807 /* hashtable.c */,
				B0B64EA31E78E9F300C6C807 /* hashtable.h */,
				B091E5091E690CB90009F3CD /* node.c */,
				B091E50A1E690CB90009F3CD /* node.h */,
				B01C676A1E62BD9E0026DC81 /* udp_dev.c */,
				B01C676B1E62BD9E0026DC81 /* udp_dev.h */,
				B01C67531E62B66C0026DC81 /* Supporting Files */,
			);
			path = "udp-hp-ios";
			sourceTree = "<group>";
		};
		B01C67531E62B66C0026DC81 /* Supporting Files */ = {
			isa = PBXGroup;
			children = (
				B01C67541E62B66C0026DC81 /* main.m */,
			);
			name = "Supporting Files";
			sourceTree = "<group>";
		};
		B04A23F11E8705CF005BC3EF /* Dependencies */ = {
			isa = PBXGroup;
			children = (
				B04A23F21E8705FD005BC3EF /* openssl.framework */,
			);
			path = Dependencies;
			sourceTree = "<group>";
		};
		B06745E11E9C621800D44D45 /* Frameworks */ = {
			isa = PBXGroup;
			children = (
				B06745E21E9C621800D44D45 /* AudioToolbox.framework */,
			);
			name = Frameworks;
			sourceTree = "<group>";
		};
/* End PBXGroup section */

/* Begin PBXNativeTarget section */
		B01C674F1E62B66C0026DC81 /* udp-hp-ios */ = {
			isa = PBXNativeTarget;
			buildConfigurationList = B01C67671E62B66C0026DC81 /* Build configuration list for PBXNativeTarget "udp-hp-ios" */;
			buildPhases = (
				B01C674C1E62B66C0026DC81 /* Sources */,
				B01C674D1E62B66C0026DC81 /* Frameworks */,
				B01C674E1E62B66C0026DC81 /* Resources */,
			);
			buildRules = (
			);
			dependencies = (
			);
			name = "udp-hp-ios";
			productName = "udp-hp-ios";
			productReference = B01C67501E62B66C0026DC81 /* udp-hp-ios.app */;
			productType = "com.apple.product-type.application";
		};
/* End PBXNativeTarget section */

/* Begin PBXProject section */
		B01C67481E62B66B0026DC81 /* Project object */ = {
			isa = PBXProject;
			attributes = {
				LastUpgradeCheck = 0820;
				ORGANIZATIONNAME = Waynemystir;
				TargetAttributes = {
					B01C674F1E62B66C0026DC81 = {
						CreatedOnToolsVersion = 8.2.1;
						DevelopmentTeam = 5XRU7BNPTX;
						ProvisioningStyle = Automatic;
					};
				};
			};
			buildConfigurationList = B01C674B1E62B66B0026DC81 /* Build configuration list for PBXProject "udp-hp-ios" */;
			compatibilityVersion = "Xcode 3.2";
			developmentRegion = English;
			hasScannedForEncodings = 0;
			knownRegions = (
				en,
				Base,
			);
			mainGroup = B01C67471E62B66B0026DC81;
			productRefGroup = B01C67511E62B66C0026DC81 /* Products */;
			projectDirPath = "";
			projectRoot = "";
			targets = (
				B01C674F1E62B66C0026DC81 /* udp-hp-ios */,
			);
		};
/* End PBXProject section */

/* Begin PBXResourcesBuildPhase section */
		B01C674E1E62B66C0026DC81 /* Resources */ = {
			isa = PBXResourcesBuildPhase;
			buildActionMask = 2147483647;
			files = (
				B01C67631E62B66C0026DC81 /* LaunchScreen.storyboard in Resources */,
				B01C67601E62B66C0026DC81 /* Assets.xcassets in Resources */,
				B01C675E1E62B66C0026DC81 /* Main.storyboard in Resources */,
			);
			runOnlyForDeploymentPostprocessing = 0;
		};
/* End PBXResourcesBuildPhase section */

/* Begin PBXSourcesBuildPhase section */
		B01C674C1E62B66C0026DC81 /* Sources */ = {
			isa = PBXSourcesBuildPhase;
			buildActionMask = 2147483647;
			files = (
				B0B64EA71E7B750000C6C807 /* ObjcContact.m in Sources */,
				B07B37C51E8F03A000C28664 /* UdpClientCallbacks.m in Sources */,
				B0B64EAE1E7C384C00C6C807 /* ContactViewController.m in Sources */,
				B07B37BF1E8EE29400C28664 /* AuthN.m in Sources */,
				B01C675B1E62B66C0026DC81 /* ViewController.m in Sources */,
				B06745B41E99942E00D44D45 /* SearchUsersDetailViewController.m in Sources */,
				B01C676C1E62BD9E0026DC81 /* udp_dev.c in Sources */,
				B091E50E1E6E728C0009F3CD /* common.c in Sources */,
				B0B64EAA1E7C2B5500C6C807 /* ListContactsViewController.m in Sources */,
				B07B37C81E90E1AE00C28664 /* CreateAccountViewController.m in Sources */,
				B01C67781E632F3D0026DC81 /* udp_client.c in Sources */,
				B06745B71E99C6E600D44D45 /* NewContractRequestsViewController.m in Sources */,
				B01C67581E62B66C0026DC81 /* AppDelegate.m in Sources */,
				B04A23F01E86FFAB005BC3EF /* crypto_wrapper.c in Sources */,
				B07B37CE1E91BD0500C28664 /* Shared.m in Sources */,
				B0B64EA41E78E9F300C6C807 /* hashtable.c in Sources */,
				B04A23ED1E86F4AF005BC3EF /* WESKeyChain.m in Sources */,
				B01C67551E62B66C0026DC81 /* main.m in Sources */,
				B01C67771E632F3D0026DC81 /* network_utils.c in Sources */,
				B06745B11E94851D00D44D45 /* SearchUsersViewController.m in Sources */,
				B091E50B1E690CB90009F3CD /* node.c in Sources */,
				B06745BA1E99E96600D44D45 /* NewContactRequestDetailViewController.m in Sources */,
				B07B37BC1E8EDE9100C28664 /* LoginViewController.m in Sources */,
			);
			runOnlyForDeploymentPostprocessing = 0;
		};
/* End PBXSourcesBuildPhase section */

/* Begin PBXVariantGroup section */
		B01C675C1E62B66C0026DC81 /* Main.storyboard */ = {
			isa = PBXVariantGroup;
			children = (
				B01C675D1E62B66C0026DC81 /* Base */,
			);
			name = Main.storyboard;
			sourceTree = "<group>";
		};
		B01C67611E62B66C0026DC81 /* LaunchScreen.storyboard */ = {
			isa = PBXVariantGroup;
			children = (
				B01C67621E62B66C0026DC81 /* Base */,
			);
			name = LaunchScreen.storyboard;
			sourceTree = "<group>";
		};
/* End PBXVariantGroup section */

/* Begin XCBuildConfiguration section */
		B01C67651E62B66C0026DC81 /* Debug */ = {
			isa = XCBuildConfiguration;
			buildSettings = {
				ALWAYS_SEARCH_USER_PATHS = NO;
				CLANG_ANALYZER_NONNULL = YES;
				CLANG_CXX_LANGUAGE_STANDARD = "gnu++0x";
				CLANG_CXX_LIBRARY = "libc++";
				CLANG_ENABLE_MODULES = YES;
				CLANG_ENABLE_OBJC_ARC = YES;
				CLANG_WARN_BOOL_CONVERSION = YES;
				CLANG_WARN_CONSTANT_CONVERSION = YES;
				CLANG_WARN_DIRECT_OBJC_ISA_USAGE = YES_ERROR;
				CLANG_WARN_DOCUMENTATION_COMMENTS = YES;
				CLANG_WARN_EMPTY_BODY = YES;
				CLANG_WARN_ENUM_CONVERSION = YES;
				CLANG_WARN_INFINITE_RECURSION = YES;
				CLANG_WARN_INT_CONVERSION = YES;
				CLANG_WARN_OBJC_ROOT_CLASS = YES_ERROR;
				CLANG_WARN_SUSPICIOUS_MOVE = YES;
				CLANG_WARN_UNREACHABLE_CODE = YES;
				CLANG_WARN__DUPLICATE_METHOD_MATCH = YES;
				"CODE_SIGN_IDENTITY[sdk=iphoneos*]" = "iPhone Developer";
				COPY_PHASE_STRIP = NO;
				DEBUG_INFORMATION_FORMAT = dwarf;
				ENABLE_STRICT_OBJC_MSGSEND = YES;
				ENABLE_TESTABILITY = YES;
				GCC_C_LANGUAGE_STANDARD = gnu99;
				GCC_DYNAMIC_NO_PIC = NO;
				GCC_NO_COMMON_BLOCKS = YES;
				GCC_OPTIMIZATION_LEVEL = 0;
				GCC_PREPROCESSOR_DEFINITIONS = (
					"DEBUG=1",
					"$(inherited)",
				);
				GCC_WARN_64_TO_32_BIT_CONVERSION = YES;
				GCC_WARN_ABOUT_RETURN_TYPE = YES_ERROR;
				GCC_WARN_UNDECLARED_SELECTOR = YES;
				GCC_WARN_UNINITIALIZED_AUTOS = YES_AGGRESSIVE;
				GCC_WARN_UNUSED_FUNCTION = YES;
				GCC_WARN_UNUSED_VARIABLE = YES;
				IPHONEOS_DEPLOYMENT_TARGET = 9.0;
				MTL_ENABLE_DEBUG_INFO = YES;
				ONLY_ACTIVE_ARCH = YES;
				SDKROOT = iphoneos;
			};
			name = Debug;
		};
		B01C67661E62B66C0026DC81 /* Release */ = {
			isa = XCBuildConfiguration;
			buildSettings = {
				ALWAYS_SEARCH_USER_PATHS = NO;
				CLANG_ANALYZER_NONNULL = YES;
				CLANG_CXX_LANGUAGE_STANDARD = "gnu++0x";
				CLANG_CXX_LIBRARY = "libc++";
				CLANG_ENABLE_MODULES = YES;
				CLANG_ENABLE_OBJC_ARC = YES;
				CLANG_WARN_BOOL_CONVERSION = YES;
				CLANG_WARN_CONSTANT_CONVERSION = YES;
				CLANG_WARN_DIRECT_OBJC_ISA_USAGE = YES_ERROR;
				CLANG_WARN_DOCUMENTATION_COMMENTS = YES;
				CLANG_WARN_EMPTY_BODY = YES;
				CLANG_WARN_ENUM_CONVERSION = YES;
				CLANG_WARN_INFINITE_RECURSION = YES;
				CLANG_WARN_INT_CONVERSION = YES;
				CLANG_WARN_OBJC_ROOT_CLASS = YES_ERROR;
				CLANG_WARN_SUSPICIOUS_MOVE = YES;
				CLANG_WARN_UNREACHABLE_CODE = YES;
				CLANG_WARN__DUPLICATE_METHOD_MATCH = YES;
				"CODE_SIGN_IDENTITY[sdk=iphoneos*]" = "iPhone Developer";
				COPY_PHASE_STRIP = NO;
				DEBUG_INFORMATION_FORMAT = "dwarf-with-dsym";
				ENABLE_NS_ASSERTIONS = NO;
				ENABLE_STRICT_OBJC_MSGSEND = YES;
				GCC_C_LANGUAGE_STANDARD = gnu99;
				GCC_NO_COMMON_BLOCKS = YES;
				GCC_WARN_64_TO_32_BIT_CONVERSION = YES;
				GCC_WARN_ABOUT_RETURN_TYPE = YES_ERROR;
				GCC_WARN_UNDECLARED_SELECTOR = YES;
				GCC_WARN_UNINITIALIZED_AUTOS = YES_AGGRESSIVE;
				GCC_WARN_UNUSED_FUNCTION = YES;
				GCC_WARN_UNUSED_VARIABLE = YES;
				IPHONEOS_DEPLOYMENT_TARGET = 9.0;
				MTL_ENABLE_DEBUG_INFO = NO;
				SDKROOT = iphoneos;
				VALIDATE_PRODUCT = YES;
			};
			name = Release;
		};
		B01C67681E62B66C0026DC81 /* Debug */ = {
			isa = XCBuildConfiguration;
			buildSettings = {
				ASSETCATALOG_COMPILER_APPICON_NAME = AppIcon;
				DEVELOPMENT_TEAM = 5XRU7BNPTX;
				FRAMEWORK_SEARCH_PATHS = "$(PROJECT_DIR)/../OpenSSL-for-iPhone";
				HEADER_SEARCH_PATHS = "$(PROJECT_DIR)/../udp-hp";
				INFOPLIST_FILE = "udp-hp-ios/Info.plist";
				LD_RUNPATH_SEARCH_PATHS = "$(inherited) @executable_path/Frameworks";
				PRODUCT_BUNDLE_IDENTIFIER = "waynemystir.udp-hp-ios";
				PRODUCT_NAME = "$(TARGET_NAME)";
			};
			name = Debug;
		};
		B01C67691E62B66C0026DC81 /* Release */ = {
			isa = XCBuildConfiguration;
			buildSettings = {
				ASSETCATALOG_COMPILER_APPICON_NAME = AppIcon;
				DEVELOPMENT_TEAM = 5XRU7BNPTX;
				FRAMEWORK_SEARCH_PATHS = "$(PROJECT_DIR)/../OpenSSL-for-iPhone";
				HEADER_SEARCH_PATHS = "$(PROJECT_DIR)/../udp-hp";
				INFOPLIST_FILE = "udp-hp-ios/Info.plist";
				LD_RUNPATH_SEARCH_PATHS = "$(inherited) @executable_path/Frameworks";
				PRODUCT_BUNDLE_IDENTIFIER = "waynemystir.udp-hp-ios";
				PRODUCT_NAME = "$(TARGET_NAME)";
			};
			name = Release;
		};
/* End XCBuildConfiguration section */

/* Begin XCConfigurationList section */
		B01C674B1E62B66B0026DC81 /* Build configuration list for PBXProject "udp-hp-ios" */ = {
			isa = XCConfigurationList;
			buildConfigurations = (
				B01C67651E62B66C0026DC81 /* Debug */,
				B01C67661E62B66C0026DC81 /* Release */,
			);
			defaultConfigurationIsVisible = 0;
			defaultConfigurationName = Release;
		};
		B01C67671E62B66C0026DC81 /* Build configuration list for PBXNativeTarget "udp-hp-ios" */ = {
			isa = XCConfigurationList;
			buildConfigurations = (
				B01C67681E62B66C0026DC81 /* Debug */,
				B01C67691E62B66C0026DC81 /* Release */,
			);
			defaultConfigurationIsVisible = 0;
			defaultConfigurationName = Release;
		};
/* End XCConfigurationList section */
	};
	rootObject = B01C67481E62B66B0026DC81 /* Project object */;
}
